
Microsoft Visual Studio Solution File, Format Version 12.00
# Visual Studio Version 17
VisualStudioVersion = 17.0.32112.339
MinimumVisualStudioVersion = 10.0.40219.1
Project("{FAE04EC0-301F-11D3-BF4B-00C04F79EFBC}") = "RecipeApp.Web", "RecipeApp.Web\RecipeApp.Web.csproj", "{E9700954-9EBE-4BDD-ACBA-77C01E0A0426}"
EndProject
Project("{FAE04EC0-301F-11D3-BF4B-00C04F79EFBC}") = "RecipeApp.Domain", "RecipeApp.Domain\RecipeApp.Domain.csproj", "{3AA849B9-33A9-4EE8-8999-292A55767652}"
EndProject
Project("{FAE04EC0-301F-11D3-BF4B-00C04F79EFBC}") = "RecipeApp.Application", "RecipeApp.Application\RecipeApp.Application.csproj", "{4E2AE355-5F37-42A8-AB55-BC3BA4B2BBD9}"
EndProject
Project("{FAE04EC0-301F-11D3-BF4B-00C04F79EFBC}") = "RecipeApp.Infrastructure", "RecipeApp.Infrastructure\RecipeApp.Infrastructure.csproj", "{6F79EC3A-E8A3-4232-ADBD-E4ECC2FB2A65}"
EndProject
Global
	GlobalSection(SolutionConfigurationPlatforms) = preSolution
		Debug|Any CPU = Debug|Any CPU
		Release|Any CPU = Release|Any CPU
	EndGlobalSection
	GlobalSection(ProjectConfigurationPlatforms) = postSolution
		{E9700954-9EBE-4BDD-ACBA-77C01E0A0426}.Debug|Any CPU.ActiveCfg = Debug|Any CPU
		{E9700954-9EBE-4BDD-ACBA-77C01E0A0426}.Debug|Any CPU.Build.0 = Debug|Any CPU
		{E9700954-9EBE-4BDD-ACBA-77C01E0A0426}.Release|Any CPU.ActiveCfg = Release|Any CPU
		{E9700954-9EBE-4BDD-ACBA-77C01E0A0426}.Release|Any CPU.Build.0 = Release|Any CPU
		{3AA849B9-33A9-4EE8-8999-292A55767652}.Debug|Any CPU.ActiveCfg = Debug|Any CPU
		{3AA849B9-33A9-4EE8-8999-292A55767652}.Debug|Any CPU.Build.0 = Debug|Any CPU
		{3AA849B9-33A9-4EE8-8999-292A55767652}.Release|Any CPU.ActiveCfg = Release|Any CPU
		{3AA849B9-33A9-4EE8-8999-292A55767652}.Release|Any CPU.Build.0 = Release|Any CPU
		{4E2AE355-5F37-42A8-AB55-BC3BA4B2BBD9}.Debug|Any CPU.ActiveCfg = Debug|Any CPU
		{4E2AE355-5F37-42A8-AB55-BC3BA4B2BBD9}.Debug|Any CPU.Build.0 = Debug|Any CPU
		{4E2AE355-5F37-42A8-AB55-BC3BA4B2BBD9}.Release|Any CPU.ActiveCfg = Release|Any CPU
		{4E2AE355-5F37-42A8-AB55-BC3BA4B2BBD9}.Release|Any CPU.Build.0 = Release|Any CPU
		{6F79EC3A-E8A3-4232-ADBD-E4ECC2FB2A65}.Debug|Any CPU.ActiveCfg = Debug|Any CPU
		{6F79EC3A-E8A3-4232-ADBD-E4ECC2FB2A65}.Debug|Any CPU.Build.0 = Debug|Any CPU
		{6F79EC3A-E8A3-4232-ADBD-E4ECC2FB2A65}.Release|Any CPU.ActiveCfg = Release|Any CPU
		{6F79EC3A-E8A3-4232-ADBD-E4ECC2FB2A65}.Release|Any CPU.Build.0 = Release|Any CPU
	EndGlobalSection
	GlobalSection(SolutionProperties) = preSolution
		HideSolutionNode = FALSE
	EndGlobalSection
	GlobalSection(ExtensibilityGlobals) = postSolution
		SolutionGuid = {053869D2-D915-4996-BA6C-F4005A656E15}
	EndGlobalSection
EndGlobal
