
Microsoft Visual Studio Solution File, Format Version 12.00
# Visual Studio Version 17
VisualStudioVersion = 17.0.32112.339
MinimumVisualStudioVersion = 10.0.40219.1
Project("{9A19103F-16F7-4668-BE54-9A1E7A4F7556}") = "RecipeApp.Web", "RecipeApp.Web\RecipeApp.Web.csproj", "{E9700954-9EBE-4BDD-ACBA-77C01E0A0426}"
EndProject
Project("{9A19103F-16F7-4668-BE54-9A1E7A4F7556}") = "RecipeApp.Domain", "RecipeApp.Domain\RecipeApp.Domain.csproj", "{3AA849B9-33A9-4EE8-8999-292A55767652}"
EndProject
Project("{9A19103F-16F7-4668-BE54-9A1E7A4F7556}") = "RecipeApp.Application", "RecipeApp.Application\RecipeApp.Application.csproj", "{4E2AE355-5F37-42A8-AB55-BC3BA4B2BBD9}"
EndProject
Project("{9A19103F-16F7-4668-BE54-9A1E7A4F7556}") = "RecipeApp.Infrastructure", "RecipeApp.Infrastructure\RecipeApp.Infrastructure.csproj", "{6F79EC3A-E8A3-4232-ADBD-E4ECC2FB2A65}"
EndProject
Project("{9A19103F-16F7-4668-BE54-9A1E7A4F7556}") = "RecipeApp.Seeding", "RecipeApp.Seeding\RecipeApp.Seeding.csproj", "{474BDF09-9EF3-460D-B8FD-5181673FD93E}"
EndProject
Project("{FAE04EC0-301F-11D3-BF4B-00C04F79EFBC}") = "RecipeApp.Integration.Tests", "RecipeApp.Integration.Tests\RecipeApp.Integration.Tests.csproj", "{F0B96568-6BA1-4072-BB7C-64890259ABC7}"
EndProject
Project("{FAE04EC0-301F-11D3-BF4B-00C04F79EFBC}") = "RecipeApp.Unit.Tests", "RecipeApp.Unit.Tests\RecipeApp.Unit.Tests.csproj", "{BBC914DD-D329-4A15-8AD6-A90D5ED1354B}"
EndProject
Global
	GlobalSection(SolutionConfigurationPlatforms) = preSolution
		Debug|Any CPU = Debug|Any CPU
		Release|Any CPU = Release|Any CPU
	EndGlobalSection
	GlobalSection(ProjectConfigurationPlatforms) = postSolution
		{E9700954-9EBE-4BDD-ACBA-77C01E0A0426}.Debug|Any CPU.ActiveCfg = Debug|Any CPU
		{E9700954-9EBE-4BDD-ACBA-77C01E0A0426}.Debug|Any CPU.Build.0 = Debug|Any CPU
		{E9700954-9EBE-4BDD-ACBA-77C01E0A0426}.Release|Any CPU.ActiveCfg = Release|Any CPU
		{E9700954-9EBE-4BDD-ACBA-77C01E0A0426}.Release|Any CPU.Build.0 = Release|Any CPU
		{3AA849B9-33A9-4EE8-8999-292A55767652}.Debug|Any CPU.ActiveCfg = Debug|Any CPU
		{3AA849B9-33A9-4EE8-8999-292A55767652}.Debug|Any CPU.Build.0 = Debug|Any CPU
		{3AA849B9-33A9-4EE8-8999-292A55767652}.Release|Any CPU.ActiveCfg = Release|Any CPU
		{3AA849B9-33A9-4EE8-8999-292A55767652}.Release|Any CPU.Build.0 = Release|Any CPU
		{4E2AE355-5F37-42A8-AB55-BC3BA4B2BBD9}.Debug|Any CPU.ActiveCfg = Debug|Any CPU
		{4E2AE355-5F37-42A8-AB55-BC3BA4B2BBD9}.Debug|Any CPU.Build.0 = Debug|Any CPU
		{4E2AE355-5F37-42A8-AB55-BC3BA4B2BBD9}.Release|Any CPU.ActiveCfg = Release|Any CPU
		{4E2AE355-5F37-42A8-AB55-BC3BA4B2BBD9}.Release|Any CPU.Build.0 = Release|Any CPU
		{6F79EC3A-E8A3-4232-ADBD-E4ECC2FB2A65}.Debug|Any CPU.ActiveCfg = Debug|Any CPU
		{6F79EC3A-E8A3-4232-ADBD-E4ECC2FB2A65}.Debug|Any CPU.Build.0 = Debug|Any CPU
		{6F79EC3A-E8A3-4232-ADBD-E4ECC2FB2A65}.Release|Any CPU.ActiveCfg = Release|Any CPU
		{6F79EC3A-E8A3-4232-ADBD-E4ECC2FB2A65}.Release|Any CPU.Build.0 = Release|Any CPU
		{474BDF09-9EF3-460D-B8FD-5181673FD93E}.Debug|Any CPU.ActiveCfg = Debug|Any CPU
		{474BDF09-9EF3-460D-B8FD-5181673FD93E}.Debug|Any CPU.Build.0 = Debug|Any CPU
		{474BDF09-9EF3-460D-B8FD-5181673FD93E}.Release|Any CPU.ActiveCfg = Release|Any CPU
		{474BDF09-9EF3-460D-B8FD-5181673FD93E}.Release|Any CPU.Build.0 = Release|Any CPU
		{F0B96568-6BA1-4072-BB7C-64890259ABC7}.Debug|Any CPU.ActiveCfg = Debug|Any CPU
		{F0B96568-6BA1-4072-BB7C-64890259ABC7}.Debug|Any CPU.Build.0 = Debug|Any CPU
		{F0B96568-6BA1-4072-BB7C-64890259ABC7}.Release|Any CPU.ActiveCfg = Release|Any CPU
		{F0B96568-6BA1-4072-BB7C-64890259ABC7}.Release|Any CPU.Build.0 = Release|Any CPU
		{BBC914DD-D329-4A15-8AD6-A90D5ED1354B}.Debug|Any CPU.ActiveCfg = Debug|Any CPU
		{BBC914DD-D329-4A15-8AD6-A90D5ED1354B}.Debug|Any CPU.Build.0 = Debug|Any CPU
		{BBC914DD-D329-4A15-8AD6-A90D5ED1354B}.Release|Any CPU.ActiveCfg = Release|Any CPU
		{BBC914DD-D329-4A15-8AD6-A90D5ED1354B}.Release|Any CPU.Build.0 = Release|Any CPU
	EndGlobalSection
	GlobalSection(SolutionProperties) = preSolution
		HideSolutionNode = FALSE
	EndGlobalSection
	GlobalSection(ExtensibilityGlobals) = postSolution
		SolutionGuid = {053869D2-D915-4996-BA6C-F4005A656E15}
	EndGlobalSection
EndGlobal
